
Microsoft Visual Studio Solution File, Format Version 12.00
# Visual Studio Version 16
VisualStudioVersion = 16.0.31205.134
MinimumVisualStudioVersion = 10.0.40219.1
Project("{FAE04EC0-301F-11D3-BF4B-00C04F79EFBC}") = "FXBLOOMS.CRON", "FXBLOOMS.CRON\FXBLOOMS.CRON.csproj", "{AC7C7A95-FB8F-4859-9FDB-DD318B9F9297}"
EndProject
Project("{FAE04EC0-301F-11D3-BF4B-00C04F79EFBC}") = "Repository", "Repository\Repository.csproj", "{84FAC9FB-590F-4071-865D-F1B988A91235}"
EndProject
Project("{FAE04EC0-301F-11D3-BF4B-00C04F79EFBC}") = "ApplicationLayer", "ApplicationLayer\ApplicationLayer.csproj", "{ED413296-55C8-4EB9-8CD0-8B1F647FBF08}"
EndProject
Project("{FAE04EC0-301F-11D3-BF4B-00C04F79EFBC}") = "Kernel", "Kernel\Kernel.csproj", "{B3A8E561-B1B1-41EA-AACE-C28A3714EC00}"
EndProject
Global
	GlobalSection(SolutionConfigurationPlatforms) = preSolution
		Debug|Any CPU = Debug|Any CPU
		Release|Any CPU = Release|Any CPU
	EndGlobalSection
	GlobalSection(ProjectConfigurationPlatforms) = postSolution
		{AC7C7A95-FB8F-4859-9FDB-DD318B9F9297}.Debug|Any CPU.ActiveCfg = Debug|Any CPU
		{AC7C7A95-FB8F-4859-9FDB-DD318B9F9297}.Debug|Any CPU.Build.0 = Debug|Any CPU
		{AC7C7A95-FB8F-4859-9FDB-DD318B9F9297}.Release|Any CPU.ActiveCfg = Release|Any CPU
		{AC7C7A95-FB8F-4859-9FDB-DD318B9F9297}.Release|Any CPU.Build.0 = Release|Any CPU
		{84FAC9FB-590F-4071-865D-F1B988A91235}.Debug|Any CPU.ActiveCfg = Debug|Any CPU
		{84FAC9FB-590F-4071-865D-F1B988A91235}.Debug|Any CPU.Build.0 = Debug|Any CPU
		{84FAC9FB-590F-4071-865D-F1B988A91235}.Release|Any CPU.ActiveCfg = Release|Any CPU
		{84FAC9FB-590F-4071-865D-F1B988A91235}.Release|Any CPU.Build.0 = Release|Any CPU
		{ED413296-55C8-4EB9-8CD0-8B1F647FBF08}.Debug|Any CPU.ActiveCfg = Debug|Any CPU
		{ED413296-55C8-4EB9-8CD0-8B1F647FBF08}.Debug|Any CPU.Build.0 = Debug|Any CPU
		{ED413296-55C8-4EB9-8CD0-8B1F647FBF08}.Release|Any CPU.ActiveCfg = Release|Any CPU
		{ED413296-55C8-4EB9-8CD0-8B1F647FBF08}.Release|Any CPU.Build.0 = Release|Any CPU
		{B3A8E561-B1B1-41EA-AACE-C28A3714EC00}.Debug|Any CPU.ActiveCfg = Debug|Any CPU
		{B3A8E561-B1B1-41EA-AACE-C28A3714EC00}.Debug|Any CPU.Build.0 = Debug|Any CPU
		{B3A8E561-B1B1-41EA-AACE-C28A3714EC00}.Release|Any CPU.ActiveCfg = Release|Any CPU
		{B3A8E561-B1B1-41EA-AACE-C28A3714EC00}.Release|Any CPU.Build.0 = Release|Any CPU
	EndGlobalSection
	GlobalSection(SolutionProperties) = preSolution
		HideSolutionNode = FALSE
	EndGlobalSection
	GlobalSection(ExtensibilityGlobals) = postSolution
		SolutionGuid = {1A0C5B42-34EE-4EEC-8875-2ED59E03B2F8}
	EndGlobalSection
EndGlobal
